
Microsoft Visual Studio Solution File, Format Version 12.00
# Visual Studio 15
VisualStudioVersion = 15.0.27801.1
MinimumVisualStudioVersion = 10.0.40219.1
Project("{FAE04EC0-301F-11D3-BF4B-00C04F79EFBC}") = "typetracker", "typetracker.csproj", "{2C25D2AF-557A-4221-9DBA-D4609A771EA2}"
EndProject
Global
	GlobalSection(SolutionConfigurationPlatforms) = preSolution
		Debug|Any CPU = Debug|Any CPU
		Release|Any CPU = Release|Any CPU
	EndGlobalSection
	GlobalSection(ProjectConfigurationPlatforms) = postSolution
		{2C25D2AF-557A-4221-9DBA-D4609A771EA2}.Debug|Any CPU.ActiveCfg = Debug|Any CPU
		{2C25D2AF-557A-4221-9DBA-D4609A771EA2}.Debug|Any CPU.Build.0 = Debug|Any CPU
		{2C25D2AF-557A-4221-9DBA-D4609A771EA2}.Release|Any CPU.ActiveCfg = Release|Any CPU
		{2C25D2AF-557A-4221-9DBA-D4609A771EA2}.Release|Any CPU.Build.0 = Release|Any CPU
	EndGlobalSection
	GlobalSection(SolutionProperties) = preSolution
		HideSolutionNode = FALSE
	EndGlobalSection
	GlobalSection(ExtensibilityGlobals) = postSolution
		SolutionGuid = {AAF4504D-DF57-4A03-BFF3-0C030C1A4DB6}
	EndGlobalSection
EndGlobal
